
Microsoft Visual Studio Solution File, Format Version 12.00
# Visual Studio 15
VisualStudioVersion = 15.0.27004.2008
MinimumVisualStudioVersion = 10.0.40219.1
Project("{FAE04EC0-301F-11D3-BF4B-00C04F79EFBC}") = "MixItUp.WPF", "MixItUp.WPF\MixItUp.WPF.csproj", "{90395135-528E-4F2D-93D1-D822B32B5F80}"
EndProject
Project("{2150E333-8FDC-42A3-9474-1A3956D46DE8}") = "Solution Items", "Solution Items", "{DB6A7130-8AA5-43FB-B65E-BAE1C5551C79}"
	ProjectSection(SolutionItems) = preProject
		LICENSE.txt = LICENSE.txt
		README.md = README.md
	EndProjectSection
EndProject
Project("{2150E333-8FDC-42A3-9474-1A3956D46DE8}") = "Wiki", "Wiki", "{094A4097-FEB7-4050-A98B-304AE005A19C}"
EndProject
Project("{2150E333-8FDC-42A3-9474-1A3956D46DE8}") = "Images", "Images", "{2D15E44E-6788-4C9A-BD58-C97FCF5A30F7}"
	ProjectSection(SolutionItems) = preProject
		Wiki\Images\Chat.png = Wiki\Images\Chat.png
		Wiki\Images\ChatAction.png = Wiki\Images\ChatAction.png
		Wiki\Images\CounterAction.png = Wiki\Images\CounterAction.png
		Wiki\Images\CreatingChatCommands.png = Wiki\Images\CreatingChatCommands.png
		Wiki\Images\CreatingCommands.png = Wiki\Images\CreatingCommands.png
		Wiki\Images\CreatingEventCommands.png = Wiki\Images\CreatingEventCommands.png
		Wiki\Images\CreatingInteractiveCommands1.png = Wiki\Images\CreatingInteractiveCommands1.png
		Wiki\Images\CreatingInteractiveCommands2.png = Wiki\Images\CreatingInteractiveCommands2.png
		Wiki\Images\CreatingTimerCommands.PNG = Wiki\Images\CreatingTimerCommands.PNG
		Wiki\Images\Currency.png = Wiki\Images\Currency.png
		Wiki\Images\CurrencyAction.png = Wiki\Images\CurrencyAction.png
		Wiki\Images\CustomChatCommands.png = Wiki\Images\CustomChatCommands.png
		Wiki\Images\EventCommands.png = Wiki\Images\EventCommands.png
		Wiki\Images\ExternalProgramAction.png = Wiki\Images\ExternalProgramAction.png
		Wiki\Images\GameQueue.png = Wiki\Images\GameQueue.png
		Wiki\Images\GameQueueAction.png = Wiki\Images\GameQueueAction.png
		Wiki\Images\GettingStartedChatCommand.png = Wiki\Images\GettingStartedChatCommand.png
		Wiki\Images\GettingStartedChatCommandRun.png = Wiki\Images\GettingStartedChatCommandRun.png
		Wiki\Images\Giveaway.png = Wiki\Images\Giveaway.png
		Wiki\Images\InputAction.png = Wiki\Images\InputAction.png
		Wiki\Images\InteractiveCommands.png = Wiki\Images\InteractiveCommands.png
		Wiki\Images\InternetBrowserAuthentication.png = Wiki\Images\InternetBrowserAuthentication.png
		Wiki\Images\Login.png = Wiki\Images\Login.png
		Wiki\Images\LogoSmall.png = Wiki\Images\LogoSmall.png
		Wiki\Images\MixItUpBanner.png = Wiki\Images\MixItUpBanner.png
		Wiki\Images\Moderation.png = Wiki\Images\Moderation.png
		Wiki\Images\OBSStudioAction.png = Wiki\Images\OBSStudioAction.png
		Wiki\Images\OBSStudioSceneAction.png = Wiki\Images\OBSStudioSceneAction.png
		Wiki\Images\OBSStudioSourceAction.png = Wiki\Images\OBSStudioSourceAction.png
		Wiki\Images\OptionsMenu.png = Wiki\Images\OptionsMenu.png
		Wiki\Images\OverlayAction.png = Wiki\Images\OverlayAction.png
		Wiki\Images\OverlayImageAction.png = Wiki\Images\OverlayImageAction.png
		Wiki\Images\OverlayTextAction.png = Wiki\Images\OverlayTextAction.png
		Wiki\Images\PreMadeChatCommands.png = Wiki\Images\PreMadeChatCommands.png
		Wiki\Images\Quotes.png = Wiki\Images\Quotes.png
		Wiki\Images\Services.png = Wiki\Images\Services.png
		Wiki\Images\SoundAction.png = Wiki\Images\SoundAction.png
		Wiki\Images\TimerCommands.png = Wiki\Images\TimerCommands.png
		Wiki\Images\TopMenuClosed.png = Wiki\Images\TopMenuClosed.png
		Wiki\Images\TopMenuExpanded.png = Wiki\Images\TopMenuExpanded.png
		Wiki\Images\UserProfile.png = Wiki\Images\UserProfile.png
		Wiki\Images\WaitAction.png = Wiki\Images\WaitAction.png
		Wiki\Images\XSplitAction.png = Wiki\Images\XSplitAction.png
		Wiki\Images\XSplitSceneAction.png = Wiki\Images\XSplitSceneAction.png
		Wiki\Images\XSplitSourceAction.png = Wiki\Images\XSplitSourceAction.png
	EndProjectSection
EndProject
Project("{2150E333-8FDC-42A3-9474-1A3956D46DE8}") = "Desktop", "Desktop", "{3C89ACB2-D917-48C0-84FD-974FC6E17A89}"
EndProject
Project("{2150E333-8FDC-42A3-9474-1A3956D46DE8}") = "Mobile", "Mobile", "{3EFE652D-F0D5-490B-94B8-8283B852B139}"
EndProject
Project("{9A19103F-16F7-4668-BE54-9A1E7A4F7556}") = "MixItUp.Base", "MixItUp.Base\MixItUp.Base.csproj", "{0E494ACC-C46A-4DED-922B-FF378556BE8A}"
EndProject
Project("{FAE04EC0-301F-11D3-BF4B-00C04F79EFBC}") = "MixItUp.Desktop", "MixItUp.Desktop\MixItUp.Desktop.csproj", "{C58E9517-27E2-48A7-9043-3CD4A18E8A27}"
EndProject
Global
	GlobalSection(SolutionConfigurationPlatforms) = preSolution
		Ad-Hoc|Any CPU = Ad-Hoc|Any CPU
		Ad-Hoc|iPhone = Ad-Hoc|iPhone
		Ad-Hoc|iPhoneSimulator = Ad-Hoc|iPhoneSimulator
		AppStore|Any CPU = AppStore|Any CPU
		AppStore|iPhone = AppStore|iPhone
		AppStore|iPhoneSimulator = AppStore|iPhoneSimulator
		Debug|Any CPU = Debug|Any CPU
		Debug|iPhone = Debug|iPhone
		Debug|iPhoneSimulator = Debug|iPhoneSimulator
		Release|Any CPU = Release|Any CPU
		Release|iPhone = Release|iPhone
		Release|iPhoneSimulator = Release|iPhoneSimulator
	EndGlobalSection
	GlobalSection(ProjectConfigurationPlatforms) = postSolution
		{90395135-528E-4F2D-93D1-D822B32B5F80}.Ad-Hoc|Any CPU.ActiveCfg = Release|Any CPU
		{90395135-528E-4F2D-93D1-D822B32B5F80}.Ad-Hoc|Any CPU.Build.0 = Release|Any CPU
		{90395135-528E-4F2D-93D1-D822B32B5F80}.Ad-Hoc|iPhone.ActiveCfg = Release|Any CPU
		{90395135-528E-4F2D-93D1-D822B32B5F80}.Ad-Hoc|iPhone.Build.0 = Release|Any CPU
		{90395135-528E-4F2D-93D1-D822B32B5F80}.Ad-Hoc|iPhoneSimulator.ActiveCfg = Release|Any CPU
		{90395135-528E-4F2D-93D1-D822B32B5F80}.Ad-Hoc|iPhoneSimulator.Build.0 = Release|Any CPU
		{90395135-528E-4F2D-93D1-D822B32B5F80}.AppStore|Any CPU.ActiveCfg = Release|Any CPU
		{90395135-528E-4F2D-93D1-D822B32B5F80}.AppStore|Any CPU.Build.0 = Release|Any CPU
		{90395135-528E-4F2D-93D1-D822B32B5F80}.AppStore|iPhone.ActiveCfg = Release|Any CPU
		{90395135-528E-4F2D-93D1-D822B32B5F80}.AppStore|iPhone.Build.0 = Release|Any CPU
		{90395135-528E-4F2D-93D1-D822B32B5F80}.AppStore|iPhoneSimulator.ActiveCfg = Release|Any CPU
		{90395135-528E-4F2D-93D1-D822B32B5F80}.AppStore|iPhoneSimulator.Build.0 = Release|Any CPU
		{90395135-528E-4F2D-93D1-D822B32B5F80}.Debug|Any CPU.ActiveCfg = Debug|Any CPU
		{90395135-528E-4F2D-93D1-D822B32B5F80}.Debug|Any CPU.Build.0 = Debug|Any CPU
		{90395135-528E-4F2D-93D1-D822B32B5F80}.Debug|iPhone.ActiveCfg = Debug|Any CPU
		{90395135-528E-4F2D-93D1-D822B32B5F80}.Debug|iPhone.Build.0 = Debug|Any CPU
		{90395135-528E-4F2D-93D1-D822B32B5F80}.Debug|iPhoneSimulator.ActiveCfg = Debug|Any CPU
		{90395135-528E-4F2D-93D1-D822B32B5F80}.Debug|iPhoneSimulator.Build.0 = Debug|Any CPU
		{90395135-528E-4F2D-93D1-D822B32B5F80}.Release|Any CPU.ActiveCfg = Release|Any CPU
		{90395135-528E-4F2D-93D1-D822B32B5F80}.Release|Any CPU.Build.0 = Release|Any CPU
		{90395135-528E-4F2D-93D1-D822B32B5F80}.Release|iPhone.ActiveCfg = Release|Any CPU
		{90395135-528E-4F2D-93D1-D822B32B5F80}.Release|iPhone.Build.0 = Release|Any CPU
		{90395135-528E-4F2D-93D1-D822B32B5F80}.Release|iPhoneSimulator.ActiveCfg = Release|Any CPU
		{90395135-528E-4F2D-93D1-D822B32B5F80}.Release|iPhoneSimulator.Build.0 = Release|Any CPU
		{0E494ACC-C46A-4DED-922B-FF378556BE8A}.Ad-Hoc|Any CPU.ActiveCfg = Debug|Any CPU
		{0E494ACC-C46A-4DED-922B-FF378556BE8A}.Ad-Hoc|Any CPU.Build.0 = Debug|Any CPU
		{0E494ACC-C46A-4DED-922B-FF378556BE8A}.Ad-Hoc|iPhone.ActiveCfg = Debug|Any CPU
		{0E494ACC-C46A-4DED-922B-FF378556BE8A}.Ad-Hoc|iPhone.Build.0 = Debug|Any CPU
		{0E494ACC-C46A-4DED-922B-FF378556BE8A}.Ad-Hoc|iPhoneSimulator.ActiveCfg = Debug|Any CPU
		{0E494ACC-C46A-4DED-922B-FF378556BE8A}.Ad-Hoc|iPhoneSimulator.Build.0 = Debug|Any CPU
		{0E494ACC-C46A-4DED-922B-FF378556BE8A}.AppStore|Any CPU.ActiveCfg = Debug|Any CPU
		{0E494ACC-C46A-4DED-922B-FF378556BE8A}.AppStore|Any CPU.Build.0 = Debug|Any CPU
		{0E494ACC-C46A-4DED-922B-FF378556BE8A}.AppStore|iPhone.ActiveCfg = Debug|Any CPU
		{0E494ACC-C46A-4DED-922B-FF378556BE8A}.AppStore|iPhone.Build.0 = Debug|Any CPU
		{0E494ACC-C46A-4DED-922B-FF378556BE8A}.AppStore|iPhoneSimulator.ActiveCfg = Debug|Any CPU
		{0E494ACC-C46A-4DED-922B-FF378556BE8A}.AppStore|iPhoneSimulator.Build.0 = Debug|Any CPU
		{0E494ACC-C46A-4DED-922B-FF378556BE8A}.Debug|Any CPU.ActiveCfg = Debug|Any CPU
		{0E494ACC-C46A-4DED-922B-FF378556BE8A}.Debug|Any CPU.Build.0 = Debug|Any CPU
		{0E494ACC-C46A-4DED-922B-FF378556BE8A}.Debug|iPhone.ActiveCfg = Debug|Any CPU
		{0E494ACC-C46A-4DED-922B-FF378556BE8A}.Debug|iPhone.Build.0 = Debug|Any CPU
		{0E494ACC-C46A-4DED-922B-FF378556BE8A}.Debug|iPhoneSimulator.ActiveCfg = Debug|Any CPU
		{0E494ACC-C46A-4DED-922B-FF378556BE8A}.Debug|iPhoneSimulator.Build.0 = Debug|Any CPU
		{0E494ACC-C46A-4DED-922B-FF378556BE8A}.Release|Any CPU.ActiveCfg = Release|Any CPU
		{0E494ACC-C46A-4DED-922B-FF378556BE8A}.Release|Any CPU.Build.0 = Release|Any CPU
		{0E494ACC-C46A-4DED-922B-FF378556BE8A}.Release|iPhone.ActiveCfg = Release|Any CPU
		{0E494ACC-C46A-4DED-922B-FF378556BE8A}.Release|iPhone.Build.0 = Release|Any CPU
		{0E494ACC-C46A-4DED-922B-FF378556BE8A}.Release|iPhoneSimulator.ActiveCfg = Release|Any CPU
		{0E494ACC-C46A-4DED-922B-FF378556BE8A}.Release|iPhoneSimulator.Build.0 = Release|Any CPU
		{C58E9517-27E2-48A7-9043-3CD4A18E8A27}.Ad-Hoc|Any CPU.ActiveCfg = Release|Any CPU
		{C58E9517-27E2-48A7-9043-3CD4A18E8A27}.Ad-Hoc|Any CPU.Build.0 = Release|Any CPU
		{C58E9517-27E2-48A7-9043-3CD4A18E8A27}.Ad-Hoc|iPhone.ActiveCfg = Release|Any CPU
		{C58E9517-27E2-48A7-9043-3CD4A18E8A27}.Ad-Hoc|iPhone.Build.0 = Release|Any CPU
		{C58E9517-27E2-48A7-9043-3CD4A18E8A27}.Ad-Hoc|iPhoneSimulator.ActiveCfg = Release|Any CPU
		{C58E9517-27E2-48A7-9043-3CD4A18E8A27}.Ad-Hoc|iPhoneSimulator.Build.0 = Release|Any CPU
		{C58E9517-27E2-48A7-9043-3CD4A18E8A27}.AppStore|Any CPU.ActiveCfg = Release|Any CPU
		{C58E9517-27E2-48A7-9043-3CD4A18E8A27}.AppStore|Any CPU.Build.0 = Release|Any CPU
		{C58E9517-27E2-48A7-9043-3CD4A18E8A27}.AppStore|iPhone.ActiveCfg = Release|Any CPU
		{C58E9517-27E2-48A7-9043-3CD4A18E8A27}.AppStore|iPhone.Build.0 = Release|Any CPU
		{C58E9517-27E2-48A7-9043-3CD4A18E8A27}.AppStore|iPhoneSimulator.ActiveCfg = Release|Any CPU
		{C58E9517-27E2-48A7-9043-3CD4A18E8A27}.AppStore|iPhoneSimulator.Build.0 = Release|Any CPU
		{C58E9517-27E2-48A7-9043-3CD4A18E8A27}.Debug|Any CPU.ActiveCfg = Debug|Any CPU
		{C58E9517-27E2-48A7-9043-3CD4A18E8A27}.Debug|Any CPU.Build.0 = Debug|Any CPU
		{C58E9517-27E2-48A7-9043-3CD4A18E8A27}.Debug|iPhone.ActiveCfg = Debug|Any CPU
		{C58E9517-27E2-48A7-9043-3CD4A18E8A27}.Debug|iPhone.Build.0 = Debug|Any CPU
		{C58E9517-27E2-48A7-9043-3CD4A18E8A27}.Debug|iPhoneSimulator.ActiveCfg = Debug|Any CPU
		{C58E9517-27E2-48A7-9043-3CD4A18E8A27}.Debug|iPhoneSimulator.Build.0 = Debug|Any CPU
		{C58E9517-27E2-48A7-9043-3CD4A18E8A27}.Release|Any CPU.ActiveCfg = Release|Any CPU
		{C58E9517-27E2-48A7-9043-3CD4A18E8A27}.Release|Any CPU.Build.0 = Release|Any CPU
		{C58E9517-27E2-48A7-9043-3CD4A18E8A27}.Release|iPhone.ActiveCfg = Release|Any CPU
		{C58E9517-27E2-48A7-9043-3CD4A18E8A27}.Release|iPhone.Build.0 = Release|Any CPU
		{C58E9517-27E2-48A7-9043-3CD4A18E8A27}.Release|iPhoneSimulator.ActiveCfg = Release|Any CPU
		{C58E9517-27E2-48A7-9043-3CD4A18E8A27}.Release|iPhoneSimulator.Build.0 = Release|Any CPU
	EndGlobalSection
	GlobalSection(SolutionProperties) = preSolution
		HideSolutionNode = FALSE
	EndGlobalSection
	GlobalSection(NestedProjects) = preSolution
		{90395135-528E-4F2D-93D1-D822B32B5F80} = {3C89ACB2-D917-48C0-84FD-974FC6E17A89}
		{094A4097-FEB7-4050-A98B-304AE005A19C} = {DB6A7130-8AA5-43FB-B65E-BAE1C5551C79}
		{2D15E44E-6788-4C9A-BD58-C97FCF5A30F7} = {094A4097-FEB7-4050-A98B-304AE005A19C}
		{C58E9517-27E2-48A7-9043-3CD4A18E8A27} = {3C89ACB2-D917-48C0-84FD-974FC6E17A89}
	EndGlobalSection
	GlobalSection(ExtensibilityGlobals) = postSolution
		SolutionGuid = {56FA5777-5A3B-4E2B-B0A5-8EA45A5251F6}
	EndGlobalSection
EndGlobal
