
Microsoft Visual Studio Solution File, Format Version 12.00
# Visual Studio 15
VisualStudioVersion = 15.0.28307.757
MinimumVisualStudioVersion = 10.0.40219.1
Project("{FAE04EC0-301F-11D3-BF4B-00C04F79EFBC}") = "MixItUp.WPF", "MixItUp.WPF\MixItUp.WPF.csproj", "{90395135-528E-4F2D-93D1-D822B32B5F80}"
EndProject
Project("{2150E333-8FDC-42A3-9474-1A3956D46DE8}") = "Solution Items", "Solution Items", "{DB6A7130-8AA5-43FB-B65E-BAE1C5551C79}"
	ProjectSection(SolutionItems) = preProject
		LICENSE.txt = LICENSE.txt
		Mix It Up Analytics.url = Mix It Up Analytics.url
		README.md = README.md
	EndProjectSection
EndProject
Project("{2150E333-8FDC-42A3-9474-1A3956D46DE8}") = "Wiki", "Wiki", "{094A4097-FEB7-4050-A98B-304AE005A19C}"
EndProject
Project("{2150E333-8FDC-42A3-9474-1A3956D46DE8}") = "Images", "Images", "{2D15E44E-6788-4C9A-BD58-C97FCF5A30F7}"
	ProjectSection(SolutionItems) = preProject
		Wiki\Images\Chat.png = Wiki\Images\Chat.png
		Wiki\Images\ChatAction.png = Wiki\Images\ChatAction.png
		Wiki\Images\CounterAction.png = Wiki\Images\CounterAction.png
		Wiki\Images\CreatingChatCommands.png = Wiki\Images\CreatingChatCommands.png
		Wiki\Images\CreatingCommands.png = Wiki\Images\CreatingCommands.png
		Wiki\Images\CreatingEventCommands.png = Wiki\Images\CreatingEventCommands.png
		Wiki\Images\CreatingInteractiveCommands1.png = Wiki\Images\CreatingInteractiveCommands1.png
		Wiki\Images\CreatingInteractiveCommands2.png = Wiki\Images\CreatingInteractiveCommands2.png
		Wiki\Images\CreatingTimerCommands.PNG = Wiki\Images\CreatingTimerCommands.PNG
		Wiki\Images\Currency.png = Wiki\Images\Currency.png
		Wiki\Images\CurrencyAction.png = Wiki\Images\CurrencyAction.png
		Wiki\Images\CustomChatCommands.png = Wiki\Images\CustomChatCommands.png
		Wiki\Images\EventCommands.png = Wiki\Images\EventCommands.png
		Wiki\Images\ExternalProgramAction.png = Wiki\Images\ExternalProgramAction.png
		Wiki\Images\GameQueue.png = Wiki\Images\GameQueue.png
		Wiki\Images\GameQueueAction.png = Wiki\Images\GameQueueAction.png
		Wiki\Images\GettingStartedChatCommand.png = Wiki\Images\GettingStartedChatCommand.png
		Wiki\Images\GettingStartedChatCommandRun.png = Wiki\Images\GettingStartedChatCommandRun.png
		Wiki\Images\Giveaway.png = Wiki\Images\Giveaway.png
		Wiki\Images\InputAction.png = Wiki\Images\InputAction.png
		Wiki\Images\InteractiveCommands.png = Wiki\Images\InteractiveCommands.png
		Wiki\Images\InternetBrowserAuthentication.png = Wiki\Images\InternetBrowserAuthentication.png
		Wiki\Images\Login.png = Wiki\Images\Login.png
		Wiki\Images\LogoSmall.png = Wiki\Images\LogoSmall.png
		Wiki\Images\MixItUpBanner.png = Wiki\Images\MixItUpBanner.png
		Wiki\Images\Moderation.png = Wiki\Images\Moderation.png
		Wiki\Images\OBSStudioAction.png = Wiki\Images\OBSStudioAction.png
		Wiki\Images\OBSStudioSceneAction.png = Wiki\Images\OBSStudioSceneAction.png
		Wiki\Images\OBSStudioSourceAction.png = Wiki\Images\OBSStudioSourceAction.png
		Wiki\Images\OptionsMenu.png = Wiki\Images\OptionsMenu.png
		Wiki\Images\OverlayAction.png = Wiki\Images\OverlayAction.png
		Wiki\Images\OverlayImageAction.png = Wiki\Images\OverlayImageAction.png
		Wiki\Images\OverlayTextAction.png = Wiki\Images\OverlayTextAction.png
		Wiki\Images\PreMadeChatCommands.png = Wiki\Images\PreMadeChatCommands.png
		Wiki\Images\Quotes.png = Wiki\Images\Quotes.png
		Wiki\Images\Services.png = Wiki\Images\Services.png
		Wiki\Images\SoundAction.png = Wiki\Images\SoundAction.png
		Wiki\Images\TimerCommands.png = Wiki\Images\TimerCommands.png
		Wiki\Images\TopMenuClosed.png = Wiki\Images\TopMenuClosed.png
		Wiki\Images\TopMenuExpanded.png = Wiki\Images\TopMenuExpanded.png
		Wiki\Images\UserProfile.png = Wiki\Images\UserProfile.png
		Wiki\Images\WaitAction.png = Wiki\Images\WaitAction.png
		Wiki\Images\XSplitAction.png = Wiki\Images\XSplitAction.png
		Wiki\Images\XSplitSceneAction.png = Wiki\Images\XSplitSceneAction.png
		Wiki\Images\XSplitSourceAction.png = Wiki\Images\XSplitSourceAction.png
	EndProjectSection
EndProject
Project("{2150E333-8FDC-42A3-9474-1A3956D46DE8}") = "Desktop", "Desktop", "{3C89ACB2-D917-48C0-84FD-974FC6E17A89}"
EndProject
Project("{9A19103F-16F7-4668-BE54-9A1E7A4F7556}") = "MixItUp.Base", "MixItUp.Base\MixItUp.Base.csproj", "{0E494ACC-C46A-4DED-922B-FF378556BE8A}"
EndProject
Project("{FAE04EC0-301F-11D3-BF4B-00C04F79EFBC}") = "MixItUp.Installer", "MixItUp.Installer\MixItUp.Installer.csproj", "{F06E18C3-94D8-4388-8293-B7FD0F06038F}"
EndProject
Project("{FAE04EC0-301F-11D3-BF4B-00C04F79EFBC}") = "MixItUp.Reporter", "MixItUp.Reporter\MixItUp.Reporter.csproj", "{CE3896DC-CC98-42BA-9BF7-4073DCC6A393}"
EndProject
Project("{2150E333-8FDC-42A3-9474-1A3956D46DE8}") = "MixPlay", "MixPlay", "{DCDE4977-7518-408B-8FE3-8760A488DA27}"
EndProject
Project("{2150E333-8FDC-42A3-9474-1A3956D46DE8}") = "Fortnite Drop Map", "Fortnite Drop Map", "{8AD4D3FB-64BE-4003-8A72-FEA6289E1854}"
	ProjectSection(SolutionItems) = preProject
		MixPlay\fortnite-drop-map\src\index.html = MixPlay\fortnite-drop-map\src\index.html
		MixPlay\fortnite-drop-map\src\scripts.js = MixPlay\fortnite-drop-map\src\scripts.js
	EndProjectSection
EndProject
Project("{2150E333-8FDC-42A3-9474-1A3956D46DE8}") = "Mixer Paint", "Mixer Paint", "{B487623D-9C82-4846-80AB-5A75D2A8F8A5}"
	ProjectSection(SolutionItems) = preProject
		MixPlay\mixer-paint\src\index.html = MixPlay\mixer-paint\src\index.html
		MixPlay\mixer-paint\src\scripts.js = MixPlay\mixer-paint\src\scripts.js
	EndProjectSection
EndProject
Project("{2150E333-8FDC-42A3-9474-1A3956D46DE8}") = "PUBG Drop Map", "PUBG Drop Map", "{43B09B9A-43EE-486E-A79D-B0FB81DE4607}"
	ProjectSection(SolutionItems) = preProject
		MixPlay\pubg-drop-map\src\index.html = MixPlay\pubg-drop-map\src\index.html
		MixPlay\pubg-drop-map\src\scripts.js = MixPlay\pubg-drop-map\src\scripts.js
	EndProjectSection
EndProject
Project("{2150E333-8FDC-42A3-9474-1A3956D46DE8}") = "Realm Royale Drop Map", "Realm Royale Drop Map", "{43600005-B26E-4441-82AD-E3A43D7AD316}"
	ProjectSection(SolutionItems) = preProject
		MixPlay\realm-royale-drop-map\src\index.html = MixPlay\realm-royale-drop-map\src\index.html
		MixPlay\realm-royale-drop-map\src\scripts.js = MixPlay\realm-royale-drop-map\src\scripts.js
	EndProjectSection
EndProject
Project("{2150E333-8FDC-42A3-9474-1A3956D46DE8}") = "Docs", "Docs", "{45F199EA-C77B-48E3-8A5E-84B14F25BEA5}"
	ProjectSection(SolutionItems) = preProject
		docs\swagger.yaml = docs\swagger.yaml
	EndProjectSection
EndProject
Project("{2150E333-8FDC-42A3-9474-1A3956D46DE8}") = "Black Ops 4 Drop Map", "Black Ops 4 Drop Map", "{BF216965-27C7-49EF-8DA7-F7AF6A2BF424}"
	ProjectSection(SolutionItems) = preProject
		MixPlay\black-ops-4-drop-map\src\index.html = MixPlay\black-ops-4-drop-map\src\index.html
		MixPlay\black-ops-4-drop-map\src\scripts.js = MixPlay\black-ops-4-drop-map\src\scripts.js
	EndProjectSection
EndProject
Project("{2150E333-8FDC-42A3-9474-1A3956D46DE8}") = "APIs", "APIs", "{51CC9FC3-AA4D-4CA5-86AC-BDEBC49B7AC7}"
EndProject
Project("{9A19103F-16F7-4668-BE54-9A1E7A4F7556}") = "MixItUp.API", "APIs\MixItUp.API\MixItUp.API.csproj", "{6EAD4AD5-3606-42B0-A2DA-13848A0D4076}"
EndProject
Project("{FAE04EC0-301F-11D3-BF4B-00C04F79EFBC}") = "MixItUp.StreamDeckPlugin", "MixItUp.StreamDeckPlugin\MixItUp.StreamDeckPlugin.csproj", "{111A5C53-2D7A-4B8E-824C-305DE10F413C}"
	ProjectSection(ProjectDependencies) = postProject
		{90395135-528E-4F2D-93D1-D822B32B5F80} = {90395135-528E-4F2D-93D1-D822B32B5F80}
	EndProjectSection
EndProject
Project("{9A19103F-16F7-4668-BE54-9A1E7A4F7556}") = "MixItUp.SignalR.Client", "MixItUp.SignalR.Client\MixItUp.SignalR.Client.csproj", "{D2A5558C-73E9-4266-9959-1B0B61B4D3CD}"
EndProject
Project("{2150E333-8FDC-42A3-9474-1A3956D46DE8}") = "Super Animal Royale Drop Map", "Super Animal Royale Drop Map", "{69AFA086-8E70-4080-973A-D9B061E6C1F3}"
	ProjectSection(SolutionItems) = preProject
		MixPlay\super-animal-royale-drop-map\src\index.html = MixPlay\super-animal-royale-drop-map\src\index.html
		MixPlay\super-animal-royale-drop-map\src\scripts.js = MixPlay\super-animal-royale-drop-map\src\scripts.js
	EndProjectSection
EndProject
Project("{2150E333-8FDC-42A3-9474-1A3956D46DE8}") = "Apex Legends Drop Map", "Apex Legends Drop Map", "{12EE8D5F-5612-4F9D-AFA6-776B03E64E4F}"
	ProjectSection(SolutionItems) = preProject
		MixPlay\apex-legends-drop-map\src\index.html = MixPlay\apex-legends-drop-map\src\index.html
		MixPlay\apex-legends-drop-map\src\scripts.js = MixPlay\apex-legends-drop-map\src\scripts.js
	EndProjectSection
EndProject
Project("{FAE04EC0-301F-11D3-BF4B-00C04F79EFBC}") = "MixItUp.AutoHoster", "MixItUp.AutoHoster\MixItUp.AutoHoster.csproj", "{F4ED5346-1CC5-4606-90A4-C5D22EED4E54}"
EndProject
Project("{FAE04EC0-301F-11D3-BF4B-00C04F79EFBC}") = "obs-websocket-dotnet", "obs-websocket-dotnet\obs-websocket-dotnet.csproj", "{C8668815-F21E-49C0-8F1A-58BC698153AF}"
EndProject
Project("{FAE04EC0-301F-11D3-BF4B-00C04F79EFBC}") = "TwitchLogger", "TwitchLogger\TwitchLogger.csproj", "{30496699-1E13-4260-8865-9F41C8869146}"
EndProject
Global
	GlobalSection(SolutionConfigurationPlatforms) = preSolution
		Ad-Hoc|Any CPU = Ad-Hoc|Any CPU
		Ad-Hoc|iPhone = Ad-Hoc|iPhone
		Ad-Hoc|iPhoneSimulator = Ad-Hoc|iPhoneSimulator
		AppStore|Any CPU = AppStore|Any CPU
		AppStore|iPhone = AppStore|iPhone
		AppStore|iPhoneSimulator = AppStore|iPhoneSimulator
		Debug|Any CPU = Debug|Any CPU
		Debug|iPhone = Debug|iPhone
		Debug|iPhoneSimulator = Debug|iPhoneSimulator
		Release|Any CPU = Release|Any CPU
		Release|iPhone = Release|iPhone
		Release|iPhoneSimulator = Release|iPhoneSimulator
	EndGlobalSection
	GlobalSection(ProjectConfigurationPlatforms) = postSolution
		{90395135-528E-4F2D-93D1-D822B32B5F80}.Ad-Hoc|Any CPU.ActiveCfg = Release|Any CPU
		{90395135-528E-4F2D-93D1-D822B32B5F80}.Ad-Hoc|Any CPU.Build.0 = Release|Any CPU
		{90395135-528E-4F2D-93D1-D822B32B5F80}.Ad-Hoc|iPhone.ActiveCfg = Release|Any CPU
		{90395135-528E-4F2D-93D1-D822B32B5F80}.Ad-Hoc|iPhone.Build.0 = Release|Any CPU
		{90395135-528E-4F2D-93D1-D822B32B5F80}.Ad-Hoc|iPhoneSimulator.ActiveCfg = Release|Any CPU
		{90395135-528E-4F2D-93D1-D822B32B5F80}.Ad-Hoc|iPhoneSimulator.Build.0 = Release|Any CPU
		{90395135-528E-4F2D-93D1-D822B32B5F80}.AppStore|Any CPU.ActiveCfg = Release|Any CPU
		{90395135-528E-4F2D-93D1-D822B32B5F80}.AppStore|Any CPU.Build.0 = Release|Any CPU
		{90395135-528E-4F2D-93D1-D822B32B5F80}.AppStore|iPhone.ActiveCfg = Release|Any CPU
		{90395135-528E-4F2D-93D1-D822B32B5F80}.AppStore|iPhone.Build.0 = Release|Any CPU
		{90395135-528E-4F2D-93D1-D822B32B5F80}.AppStore|iPhoneSimulator.ActiveCfg = Release|Any CPU
		{90395135-528E-4F2D-93D1-D822B32B5F80}.AppStore|iPhoneSimulator.Build.0 = Release|Any CPU
		{90395135-528E-4F2D-93D1-D822B32B5F80}.Debug|Any CPU.ActiveCfg = Debug|Any CPU
		{90395135-528E-4F2D-93D1-D822B32B5F80}.Debug|Any CPU.Build.0 = Debug|Any CPU
		{90395135-528E-4F2D-93D1-D822B32B5F80}.Debug|iPhone.ActiveCfg = Debug|Any CPU
		{90395135-528E-4F2D-93D1-D822B32B5F80}.Debug|iPhone.Build.0 = Debug|Any CPU
		{90395135-528E-4F2D-93D1-D822B32B5F80}.Debug|iPhoneSimulator.ActiveCfg = Debug|Any CPU
		{90395135-528E-4F2D-93D1-D822B32B5F80}.Debug|iPhoneSimulator.Build.0 = Debug|Any CPU
		{90395135-528E-4F2D-93D1-D822B32B5F80}.Release|Any CPU.ActiveCfg = Release|Any CPU
		{90395135-528E-4F2D-93D1-D822B32B5F80}.Release|Any CPU.Build.0 = Release|Any CPU
		{90395135-528E-4F2D-93D1-D822B32B5F80}.Release|iPhone.ActiveCfg = Release|Any CPU
		{90395135-528E-4F2D-93D1-D822B32B5F80}.Release|iPhone.Build.0 = Release|Any CPU
		{90395135-528E-4F2D-93D1-D822B32B5F80}.Release|iPhoneSimulator.ActiveCfg = Release|Any CPU
		{90395135-528E-4F2D-93D1-D822B32B5F80}.Release|iPhoneSimulator.Build.0 = Release|Any CPU
		{0E494ACC-C46A-4DED-922B-FF378556BE8A}.Ad-Hoc|Any CPU.ActiveCfg = Debug|Any CPU
		{0E494ACC-C46A-4DED-922B-FF378556BE8A}.Ad-Hoc|Any CPU.Build.0 = Debug|Any CPU
		{0E494ACC-C46A-4DED-922B-FF378556BE8A}.Ad-Hoc|iPhone.ActiveCfg = Debug|Any CPU
		{0E494ACC-C46A-4DED-922B-FF378556BE8A}.Ad-Hoc|iPhone.Build.0 = Debug|Any CPU
		{0E494ACC-C46A-4DED-922B-FF378556BE8A}.Ad-Hoc|iPhoneSimulator.ActiveCfg = Debug|Any CPU
		{0E494ACC-C46A-4DED-922B-FF378556BE8A}.Ad-Hoc|iPhoneSimulator.Build.0 = Debug|Any CPU
		{0E494ACC-C46A-4DED-922B-FF378556BE8A}.AppStore|Any CPU.ActiveCfg = Debug|Any CPU
		{0E494ACC-C46A-4DED-922B-FF378556BE8A}.AppStore|Any CPU.Build.0 = Debug|Any CPU
		{0E494ACC-C46A-4DED-922B-FF378556BE8A}.AppStore|iPhone.ActiveCfg = Debug|Any CPU
		{0E494ACC-C46A-4DED-922B-FF378556BE8A}.AppStore|iPhone.Build.0 = Debug|Any CPU
		{0E494ACC-C46A-4DED-922B-FF378556BE8A}.AppStore|iPhoneSimulator.ActiveCfg = Debug|Any CPU
		{0E494ACC-C46A-4DED-922B-FF378556BE8A}.AppStore|iPhoneSimulator.Build.0 = Debug|Any CPU
		{0E494ACC-C46A-4DED-922B-FF378556BE8A}.Debug|Any CPU.ActiveCfg = Debug|Any CPU
		{0E494ACC-C46A-4DED-922B-FF378556BE8A}.Debug|Any CPU.Build.0 = Debug|Any CPU
		{0E494ACC-C46A-4DED-922B-FF378556BE8A}.Debug|iPhone.ActiveCfg = Debug|Any CPU
		{0E494ACC-C46A-4DED-922B-FF378556BE8A}.Debug|iPhone.Build.0 = Debug|Any CPU
		{0E494ACC-C46A-4DED-922B-FF378556BE8A}.Debug|iPhoneSimulator.ActiveCfg = Debug|Any CPU
		{0E494ACC-C46A-4DED-922B-FF378556BE8A}.Debug|iPhoneSimulator.Build.0 = Debug|Any CPU
		{0E494ACC-C46A-4DED-922B-FF378556BE8A}.Release|Any CPU.ActiveCfg = Release|Any CPU
		{0E494ACC-C46A-4DED-922B-FF378556BE8A}.Release|Any CPU.Build.0 = Release|Any CPU
		{0E494ACC-C46A-4DED-922B-FF378556BE8A}.Release|iPhone.ActiveCfg = Release|Any CPU
		{0E494ACC-C46A-4DED-922B-FF378556BE8A}.Release|iPhone.Build.0 = Release|Any CPU
		{0E494ACC-C46A-4DED-922B-FF378556BE8A}.Release|iPhoneSimulator.ActiveCfg = Release|Any CPU
		{0E494ACC-C46A-4DED-922B-FF378556BE8A}.Release|iPhoneSimulator.Build.0 = Release|Any CPU
		{F06E18C3-94D8-4388-8293-B7FD0F06038F}.Ad-Hoc|Any CPU.ActiveCfg = Release|Any CPU
		{F06E18C3-94D8-4388-8293-B7FD0F06038F}.Ad-Hoc|Any CPU.Build.0 = Release|Any CPU
		{F06E18C3-94D8-4388-8293-B7FD0F06038F}.Ad-Hoc|iPhone.ActiveCfg = Release|Any CPU
		{F06E18C3-94D8-4388-8293-B7FD0F06038F}.Ad-Hoc|iPhone.Build.0 = Release|Any CPU
		{F06E18C3-94D8-4388-8293-B7FD0F06038F}.Ad-Hoc|iPhoneSimulator.ActiveCfg = Release|Any CPU
		{F06E18C3-94D8-4388-8293-B7FD0F06038F}.Ad-Hoc|iPhoneSimulator.Build.0 = Release|Any CPU
		{F06E18C3-94D8-4388-8293-B7FD0F06038F}.AppStore|Any CPU.ActiveCfg = Release|Any CPU
		{F06E18C3-94D8-4388-8293-B7FD0F06038F}.AppStore|Any CPU.Build.0 = Release|Any CPU
		{F06E18C3-94D8-4388-8293-B7FD0F06038F}.AppStore|iPhone.ActiveCfg = Release|Any CPU
		{F06E18C3-94D8-4388-8293-B7FD0F06038F}.AppStore|iPhone.Build.0 = Release|Any CPU
		{F06E18C3-94D8-4388-8293-B7FD0F06038F}.AppStore|iPhoneSimulator.ActiveCfg = Release|Any CPU
		{F06E18C3-94D8-4388-8293-B7FD0F06038F}.AppStore|iPhoneSimulator.Build.0 = Release|Any CPU
		{F06E18C3-94D8-4388-8293-B7FD0F06038F}.Debug|Any CPU.ActiveCfg = Debug|Any CPU
		{F06E18C3-94D8-4388-8293-B7FD0F06038F}.Debug|Any CPU.Build.0 = Debug|Any CPU
		{F06E18C3-94D8-4388-8293-B7FD0F06038F}.Debug|iPhone.ActiveCfg = Debug|Any CPU
		{F06E18C3-94D8-4388-8293-B7FD0F06038F}.Debug|iPhone.Build.0 = Debug|Any CPU
		{F06E18C3-94D8-4388-8293-B7FD0F06038F}.Debug|iPhoneSimulator.ActiveCfg = Debug|Any CPU
		{F06E18C3-94D8-4388-8293-B7FD0F06038F}.Debug|iPhoneSimulator.Build.0 = Debug|Any CPU
		{F06E18C3-94D8-4388-8293-B7FD0F06038F}.Release|Any CPU.ActiveCfg = Release|Any CPU
		{F06E18C3-94D8-4388-8293-B7FD0F06038F}.Release|Any CPU.Build.0 = Release|Any CPU
		{F06E18C3-94D8-4388-8293-B7FD0F06038F}.Release|iPhone.ActiveCfg = Release|Any CPU
		{F06E18C3-94D8-4388-8293-B7FD0F06038F}.Release|iPhone.Build.0 = Release|Any CPU
		{F06E18C3-94D8-4388-8293-B7FD0F06038F}.Release|iPhoneSimulator.ActiveCfg = Release|Any CPU
		{F06E18C3-94D8-4388-8293-B7FD0F06038F}.Release|iPhoneSimulator.Build.0 = Release|Any CPU
		{CE3896DC-CC98-42BA-9BF7-4073DCC6A393}.Ad-Hoc|Any CPU.ActiveCfg = Release|Any CPU
		{CE3896DC-CC98-42BA-9BF7-4073DCC6A393}.Ad-Hoc|Any CPU.Build.0 = Release|Any CPU
		{CE3896DC-CC98-42BA-9BF7-4073DCC6A393}.Ad-Hoc|iPhone.ActiveCfg = Release|Any CPU
		{CE3896DC-CC98-42BA-9BF7-4073DCC6A393}.Ad-Hoc|iPhone.Build.0 = Release|Any CPU
		{CE3896DC-CC98-42BA-9BF7-4073DCC6A393}.Ad-Hoc|iPhoneSimulator.ActiveCfg = Release|Any CPU
		{CE3896DC-CC98-42BA-9BF7-4073DCC6A393}.Ad-Hoc|iPhoneSimulator.Build.0 = Release|Any CPU
		{CE3896DC-CC98-42BA-9BF7-4073DCC6A393}.AppStore|Any CPU.ActiveCfg = Release|Any CPU
		{CE3896DC-CC98-42BA-9BF7-4073DCC6A393}.AppStore|Any CPU.Build.0 = Release|Any CPU
		{CE3896DC-CC98-42BA-9BF7-4073DCC6A393}.AppStore|iPhone.ActiveCfg = Release|Any CPU
		{CE3896DC-CC98-42BA-9BF7-4073DCC6A393}.AppStore|iPhone.Build.0 = Release|Any CPU
		{CE3896DC-CC98-42BA-9BF7-4073DCC6A393}.AppStore|iPhoneSimulator.ActiveCfg = Release|Any CPU
		{CE3896DC-CC98-42BA-9BF7-4073DCC6A393}.AppStore|iPhoneSimulator.Build.0 = Release|Any CPU
		{CE3896DC-CC98-42BA-9BF7-4073DCC6A393}.Debug|Any CPU.ActiveCfg = Debug|Any CPU
		{CE3896DC-CC98-42BA-9BF7-4073DCC6A393}.Debug|Any CPU.Build.0 = Debug|Any CPU
		{CE3896DC-CC98-42BA-9BF7-4073DCC6A393}.Debug|iPhone.ActiveCfg = Debug|Any CPU
		{CE3896DC-CC98-42BA-9BF7-4073DCC6A393}.Debug|iPhone.Build.0 = Debug|Any CPU
		{CE3896DC-CC98-42BA-9BF7-4073DCC6A393}.Debug|iPhoneSimulator.ActiveCfg = Debug|Any CPU
		{CE3896DC-CC98-42BA-9BF7-4073DCC6A393}.Debug|iPhoneSimulator.Build.0 = Debug|Any CPU
		{CE3896DC-CC98-42BA-9BF7-4073DCC6A393}.Release|Any CPU.ActiveCfg = Release|Any CPU
		{CE3896DC-CC98-42BA-9BF7-4073DCC6A393}.Release|Any CPU.Build.0 = Release|Any CPU
		{CE3896DC-CC98-42BA-9BF7-4073DCC6A393}.Release|iPhone.ActiveCfg = Release|Any CPU
		{CE3896DC-CC98-42BA-9BF7-4073DCC6A393}.Release|iPhone.Build.0 = Release|Any CPU
		{CE3896DC-CC98-42BA-9BF7-4073DCC6A393}.Release|iPhoneSimulator.ActiveCfg = Release|Any CPU
		{CE3896DC-CC98-42BA-9BF7-4073DCC6A393}.Release|iPhoneSimulator.Build.0 = Release|Any CPU
		{6EAD4AD5-3606-42B0-A2DA-13848A0D4076}.Ad-Hoc|Any CPU.ActiveCfg = Debug|Any CPU
		{6EAD4AD5-3606-42B0-A2DA-13848A0D4076}.Ad-Hoc|Any CPU.Build.0 = Debug|Any CPU
		{6EAD4AD5-3606-42B0-A2DA-13848A0D4076}.Ad-Hoc|iPhone.ActiveCfg = Debug|Any CPU
		{6EAD4AD5-3606-42B0-A2DA-13848A0D4076}.Ad-Hoc|iPhone.Build.0 = Debug|Any CPU
		{6EAD4AD5-3606-42B0-A2DA-13848A0D4076}.Ad-Hoc|iPhoneSimulator.ActiveCfg = Debug|Any CPU
		{6EAD4AD5-3606-42B0-A2DA-13848A0D4076}.Ad-Hoc|iPhoneSimulator.Build.0 = Debug|Any CPU
		{6EAD4AD5-3606-42B0-A2DA-13848A0D4076}.AppStore|Any CPU.ActiveCfg = Debug|Any CPU
		{6EAD4AD5-3606-42B0-A2DA-13848A0D4076}.AppStore|Any CPU.Build.0 = Debug|Any CPU
		{6EAD4AD5-3606-42B0-A2DA-13848A0D4076}.AppStore|iPhone.ActiveCfg = Debug|Any CPU
		{6EAD4AD5-3606-42B0-A2DA-13848A0D4076}.AppStore|iPhone.Build.0 = Debug|Any CPU
		{6EAD4AD5-3606-42B0-A2DA-13848A0D4076}.AppStore|iPhoneSimulator.ActiveCfg = Debug|Any CPU
		{6EAD4AD5-3606-42B0-A2DA-13848A0D4076}.AppStore|iPhoneSimulator.Build.0 = Debug|Any CPU
		{6EAD4AD5-3606-42B0-A2DA-13848A0D4076}.Debug|Any CPU.ActiveCfg = Debug|Any CPU
		{6EAD4AD5-3606-42B0-A2DA-13848A0D4076}.Debug|Any CPU.Build.0 = Debug|Any CPU
		{6EAD4AD5-3606-42B0-A2DA-13848A0D4076}.Debug|iPhone.ActiveCfg = Debug|Any CPU
		{6EAD4AD5-3606-42B0-A2DA-13848A0D4076}.Debug|iPhone.Build.0 = Debug|Any CPU
		{6EAD4AD5-3606-42B0-A2DA-13848A0D4076}.Debug|iPhoneSimulator.ActiveCfg = Debug|Any CPU
		{6EAD4AD5-3606-42B0-A2DA-13848A0D4076}.Debug|iPhoneSimulator.Build.0 = Debug|Any CPU
		{6EAD4AD5-3606-42B0-A2DA-13848A0D4076}.Release|Any CPU.ActiveCfg = Release|Any CPU
		{6EAD4AD5-3606-42B0-A2DA-13848A0D4076}.Release|Any CPU.Build.0 = Release|Any CPU
		{6EAD4AD5-3606-42B0-A2DA-13848A0D4076}.Release|iPhone.ActiveCfg = Release|Any CPU
		{6EAD4AD5-3606-42B0-A2DA-13848A0D4076}.Release|iPhone.Build.0 = Release|Any CPU
		{6EAD4AD5-3606-42B0-A2DA-13848A0D4076}.Release|iPhoneSimulator.ActiveCfg = Release|Any CPU
		{6EAD4AD5-3606-42B0-A2DA-13848A0D4076}.Release|iPhoneSimulator.Build.0 = Release|Any CPU
		{111A5C53-2D7A-4B8E-824C-305DE10F413C}.Ad-Hoc|Any CPU.ActiveCfg = Release|Any CPU
		{111A5C53-2D7A-4B8E-824C-305DE10F413C}.Ad-Hoc|Any CPU.Build.0 = Release|Any CPU
		{111A5C53-2D7A-4B8E-824C-305DE10F413C}.Ad-Hoc|iPhone.ActiveCfg = Release|Any CPU
		{111A5C53-2D7A-4B8E-824C-305DE10F413C}.Ad-Hoc|iPhone.Build.0 = Release|Any CPU
		{111A5C53-2D7A-4B8E-824C-305DE10F413C}.Ad-Hoc|iPhoneSimulator.ActiveCfg = Release|Any CPU
		{111A5C53-2D7A-4B8E-824C-305DE10F413C}.Ad-Hoc|iPhoneSimulator.Build.0 = Release|Any CPU
		{111A5C53-2D7A-4B8E-824C-305DE10F413C}.AppStore|Any CPU.ActiveCfg = Release|Any CPU
		{111A5C53-2D7A-4B8E-824C-305DE10F413C}.AppStore|Any CPU.Build.0 = Release|Any CPU
		{111A5C53-2D7A-4B8E-824C-305DE10F413C}.AppStore|iPhone.ActiveCfg = Release|Any CPU
		{111A5C53-2D7A-4B8E-824C-305DE10F413C}.AppStore|iPhone.Build.0 = Release|Any CPU
		{111A5C53-2D7A-4B8E-824C-305DE10F413C}.AppStore|iPhoneSimulator.ActiveCfg = Release|Any CPU
		{111A5C53-2D7A-4B8E-824C-305DE10F413C}.AppStore|iPhoneSimulator.Build.0 = Release|Any CPU
		{111A5C53-2D7A-4B8E-824C-305DE10F413C}.Debug|Any CPU.ActiveCfg = Debug|Any CPU
		{111A5C53-2D7A-4B8E-824C-305DE10F413C}.Debug|Any CPU.Build.0 = Debug|Any CPU
		{111A5C53-2D7A-4B8E-824C-305DE10F413C}.Debug|iPhone.ActiveCfg = Debug|Any CPU
		{111A5C53-2D7A-4B8E-824C-305DE10F413C}.Debug|iPhone.Build.0 = Debug|Any CPU
		{111A5C53-2D7A-4B8E-824C-305DE10F413C}.Debug|iPhoneSimulator.ActiveCfg = Debug|Any CPU
		{111A5C53-2D7A-4B8E-824C-305DE10F413C}.Debug|iPhoneSimulator.Build.0 = Debug|Any CPU
		{111A5C53-2D7A-4B8E-824C-305DE10F413C}.Release|Any CPU.ActiveCfg = Release|Any CPU
		{111A5C53-2D7A-4B8E-824C-305DE10F413C}.Release|Any CPU.Build.0 = Release|Any CPU
		{111A5C53-2D7A-4B8E-824C-305DE10F413C}.Release|iPhone.ActiveCfg = Release|Any CPU
		{111A5C53-2D7A-4B8E-824C-305DE10F413C}.Release|iPhone.Build.0 = Release|Any CPU
		{111A5C53-2D7A-4B8E-824C-305DE10F413C}.Release|iPhoneSimulator.ActiveCfg = Release|Any CPU
		{111A5C53-2D7A-4B8E-824C-305DE10F413C}.Release|iPhoneSimulator.Build.0 = Release|Any CPU
		{D2A5558C-73E9-4266-9959-1B0B61B4D3CD}.Ad-Hoc|Any CPU.ActiveCfg = Debug|Any CPU
		{D2A5558C-73E9-4266-9959-1B0B61B4D3CD}.Ad-Hoc|Any CPU.Build.0 = Debug|Any CPU
		{D2A5558C-73E9-4266-9959-1B0B61B4D3CD}.Ad-Hoc|iPhone.ActiveCfg = Debug|Any CPU
		{D2A5558C-73E9-4266-9959-1B0B61B4D3CD}.Ad-Hoc|iPhone.Build.0 = Debug|Any CPU
		{D2A5558C-73E9-4266-9959-1B0B61B4D3CD}.Ad-Hoc|iPhoneSimulator.ActiveCfg = Debug|Any CPU
		{D2A5558C-73E9-4266-9959-1B0B61B4D3CD}.Ad-Hoc|iPhoneSimulator.Build.0 = Debug|Any CPU
		{D2A5558C-73E9-4266-9959-1B0B61B4D3CD}.AppStore|Any CPU.ActiveCfg = Debug|Any CPU
		{D2A5558C-73E9-4266-9959-1B0B61B4D3CD}.AppStore|Any CPU.Build.0 = Debug|Any CPU
		{D2A5558C-73E9-4266-9959-1B0B61B4D3CD}.AppStore|iPhone.ActiveCfg = Debug|Any CPU
		{D2A5558C-73E9-4266-9959-1B0B61B4D3CD}.AppStore|iPhone.Build.0 = Debug|Any CPU
		{D2A5558C-73E9-4266-9959-1B0B61B4D3CD}.AppStore|iPhoneSimulator.ActiveCfg = Debug|Any CPU
		{D2A5558C-73E9-4266-9959-1B0B61B4D3CD}.AppStore|iPhoneSimulator.Build.0 = Debug|Any CPU
		{D2A5558C-73E9-4266-9959-1B0B61B4D3CD}.Debug|Any CPU.ActiveCfg = Debug|Any CPU
		{D2A5558C-73E9-4266-9959-1B0B61B4D3CD}.Debug|Any CPU.Build.0 = Debug|Any CPU
		{D2A5558C-73E9-4266-9959-1B0B61B4D3CD}.Debug|iPhone.ActiveCfg = Debug|Any CPU
		{D2A5558C-73E9-4266-9959-1B0B61B4D3CD}.Debug|iPhone.Build.0 = Debug|Any CPU
		{D2A5558C-73E9-4266-9959-1B0B61B4D3CD}.Debug|iPhoneSimulator.ActiveCfg = Debug|Any CPU
		{D2A5558C-73E9-4266-9959-1B0B61B4D3CD}.Debug|iPhoneSimulator.Build.0 = Debug|Any CPU
		{D2A5558C-73E9-4266-9959-1B0B61B4D3CD}.Release|Any CPU.ActiveCfg = Release|Any CPU
		{D2A5558C-73E9-4266-9959-1B0B61B4D3CD}.Release|Any CPU.Build.0 = Release|Any CPU
		{D2A5558C-73E9-4266-9959-1B0B61B4D3CD}.Release|iPhone.ActiveCfg = Release|Any CPU
		{D2A5558C-73E9-4266-9959-1B0B61B4D3CD}.Release|iPhone.Build.0 = Release|Any CPU
		{D2A5558C-73E9-4266-9959-1B0B61B4D3CD}.Release|iPhoneSimulator.ActiveCfg = Release|Any CPU
		{D2A5558C-73E9-4266-9959-1B0B61B4D3CD}.Release|iPhoneSimulator.Build.0 = Release|Any CPU
		{F4ED5346-1CC5-4606-90A4-C5D22EED4E54}.Ad-Hoc|Any CPU.ActiveCfg = Release|Any CPU
		{F4ED5346-1CC5-4606-90A4-C5D22EED4E54}.Ad-Hoc|Any CPU.Build.0 = Release|Any CPU
		{F4ED5346-1CC5-4606-90A4-C5D22EED4E54}.Ad-Hoc|iPhone.ActiveCfg = Release|Any CPU
		{F4ED5346-1CC5-4606-90A4-C5D22EED4E54}.Ad-Hoc|iPhone.Build.0 = Release|Any CPU
		{F4ED5346-1CC5-4606-90A4-C5D22EED4E54}.Ad-Hoc|iPhoneSimulator.ActiveCfg = Release|Any CPU
		{F4ED5346-1CC5-4606-90A4-C5D22EED4E54}.Ad-Hoc|iPhoneSimulator.Build.0 = Release|Any CPU
		{F4ED5346-1CC5-4606-90A4-C5D22EED4E54}.AppStore|Any CPU.ActiveCfg = Release|Any CPU
		{F4ED5346-1CC5-4606-90A4-C5D22EED4E54}.AppStore|Any CPU.Build.0 = Release|Any CPU
		{F4ED5346-1CC5-4606-90A4-C5D22EED4E54}.AppStore|iPhone.ActiveCfg = Release|Any CPU
		{F4ED5346-1CC5-4606-90A4-C5D22EED4E54}.AppStore|iPhone.Build.0 = Release|Any CPU
		{F4ED5346-1CC5-4606-90A4-C5D22EED4E54}.AppStore|iPhoneSimulator.ActiveCfg = Release|Any CPU
		{F4ED5346-1CC5-4606-90A4-C5D22EED4E54}.AppStore|iPhoneSimulator.Build.0 = Release|Any CPU
		{F4ED5346-1CC5-4606-90A4-C5D22EED4E54}.Debug|Any CPU.ActiveCfg = Debug|Any CPU
		{F4ED5346-1CC5-4606-90A4-C5D22EED4E54}.Debug|Any CPU.Build.0 = Debug|Any CPU
		{F4ED5346-1CC5-4606-90A4-C5D22EED4E54}.Debug|iPhone.ActiveCfg = Debug|Any CPU
		{F4ED5346-1CC5-4606-90A4-C5D22EED4E54}.Debug|iPhone.Build.0 = Debug|Any CPU
		{F4ED5346-1CC5-4606-90A4-C5D22EED4E54}.Debug|iPhoneSimulator.ActiveCfg = Debug|Any CPU
		{F4ED5346-1CC5-4606-90A4-C5D22EED4E54}.Debug|iPhoneSimulator.Build.0 = Debug|Any CPU
		{F4ED5346-1CC5-4606-90A4-C5D22EED4E54}.Release|Any CPU.ActiveCfg = Release|Any CPU
		{F4ED5346-1CC5-4606-90A4-C5D22EED4E54}.Release|Any CPU.Build.0 = Release|Any CPU
		{F4ED5346-1CC5-4606-90A4-C5D22EED4E54}.Release|iPhone.ActiveCfg = Release|Any CPU
		{F4ED5346-1CC5-4606-90A4-C5D22EED4E54}.Release|iPhone.Build.0 = Release|Any CPU
		{F4ED5346-1CC5-4606-90A4-C5D22EED4E54}.Release|iPhoneSimulator.ActiveCfg = Release|Any CPU
		{F4ED5346-1CC5-4606-90A4-C5D22EED4E54}.Release|iPhoneSimulator.Build.0 = Release|Any CPU
		{C8668815-F21E-49C0-8F1A-58BC698153AF}.Ad-Hoc|Any CPU.ActiveCfg = Release|Any CPU
		{C8668815-F21E-49C0-8F1A-58BC698153AF}.Ad-Hoc|Any CPU.Build.0 = Release|Any CPU
		{C8668815-F21E-49C0-8F1A-58BC698153AF}.Ad-Hoc|iPhone.ActiveCfg = Release|Any CPU
		{C8668815-F21E-49C0-8F1A-58BC698153AF}.Ad-Hoc|iPhone.Build.0 = Release|Any CPU
		{C8668815-F21E-49C0-8F1A-58BC698153AF}.Ad-Hoc|iPhoneSimulator.ActiveCfg = Release|Any CPU
		{C8668815-F21E-49C0-8F1A-58BC698153AF}.Ad-Hoc|iPhoneSimulator.Build.0 = Release|Any CPU
		{C8668815-F21E-49C0-8F1A-58BC698153AF}.AppStore|Any CPU.ActiveCfg = Release|Any CPU
		{C8668815-F21E-49C0-8F1A-58BC698153AF}.AppStore|Any CPU.Build.0 = Release|Any CPU
		{C8668815-F21E-49C0-8F1A-58BC698153AF}.AppStore|iPhone.ActiveCfg = Release|Any CPU
		{C8668815-F21E-49C0-8F1A-58BC698153AF}.AppStore|iPhone.Build.0 = Release|Any CPU
		{C8668815-F21E-49C0-8F1A-58BC698153AF}.AppStore|iPhoneSimulator.ActiveCfg = Release|Any CPU
		{C8668815-F21E-49C0-8F1A-58BC698153AF}.AppStore|iPhoneSimulator.Build.0 = Release|Any CPU
		{C8668815-F21E-49C0-8F1A-58BC698153AF}.Debug|Any CPU.ActiveCfg = Debug|Any CPU
		{C8668815-F21E-49C0-8F1A-58BC698153AF}.Debug|Any CPU.Build.0 = Debug|Any CPU
		{C8668815-F21E-49C0-8F1A-58BC698153AF}.Debug|iPhone.ActiveCfg = Debug|Any CPU
		{C8668815-F21E-49C0-8F1A-58BC698153AF}.Debug|iPhone.Build.0 = Debug|Any CPU
		{C8668815-F21E-49C0-8F1A-58BC698153AF}.Debug|iPhoneSimulator.ActiveCfg = Debug|Any CPU
		{C8668815-F21E-49C0-8F1A-58BC698153AF}.Debug|iPhoneSimulator.Build.0 = Debug|Any CPU
		{C8668815-F21E-49C0-8F1A-58BC698153AF}.Release|Any CPU.ActiveCfg = Release|Any CPU
		{C8668815-F21E-49C0-8F1A-58BC698153AF}.Release|Any CPU.Build.0 = Release|Any CPU
		{C8668815-F21E-49C0-8F1A-58BC698153AF}.Release|iPhone.ActiveCfg = Release|Any CPU
		{C8668815-F21E-49C0-8F1A-58BC698153AF}.Release|iPhone.Build.0 = Release|Any CPU
		{C8668815-F21E-49C0-8F1A-58BC698153AF}.Release|iPhoneSimulator.ActiveCfg = Release|Any CPU
		{C8668815-F21E-49C0-8F1A-58BC698153AF}.Release|iPhoneSimulator.Build.0 = Release|Any CPU
		{30496699-1E13-4260-8865-9F41C8869146}.Ad-Hoc|Any CPU.ActiveCfg = Release|Any CPU
		{30496699-1E13-4260-8865-9F41C8869146}.Ad-Hoc|Any CPU.Build.0 = Release|Any CPU
		{30496699-1E13-4260-8865-9F41C8869146}.Ad-Hoc|iPhone.ActiveCfg = Release|Any CPU
		{30496699-1E13-4260-8865-9F41C8869146}.Ad-Hoc|iPhone.Build.0 = Release|Any CPU
		{30496699-1E13-4260-8865-9F41C8869146}.Ad-Hoc|iPhoneSimulator.ActiveCfg = Release|Any CPU
		{30496699-1E13-4260-8865-9F41C8869146}.Ad-Hoc|iPhoneSimulator.Build.0 = Release|Any CPU
		{30496699-1E13-4260-8865-9F41C8869146}.AppStore|Any CPU.ActiveCfg = Release|Any CPU
		{30496699-1E13-4260-8865-9F41C8869146}.AppStore|Any CPU.Build.0 = Release|Any CPU
		{30496699-1E13-4260-8865-9F41C8869146}.AppStore|iPhone.ActiveCfg = Release|Any CPU
		{30496699-1E13-4260-8865-9F41C8869146}.AppStore|iPhone.Build.0 = Release|Any CPU
		{30496699-1E13-4260-8865-9F41C8869146}.AppStore|iPhoneSimulator.ActiveCfg = Release|Any CPU
		{30496699-1E13-4260-8865-9F41C8869146}.AppStore|iPhoneSimulator.Build.0 = Release|Any CPU
		{30496699-1E13-4260-8865-9F41C8869146}.Debug|Any CPU.ActiveCfg = Debug|Any CPU
		{30496699-1E13-4260-8865-9F41C8869146}.Debug|Any CPU.Build.0 = Debug|Any CPU
		{30496699-1E13-4260-8865-9F41C8869146}.Debug|iPhone.ActiveCfg = Debug|Any CPU
		{30496699-1E13-4260-8865-9F41C8869146}.Debug|iPhone.Build.0 = Debug|Any CPU
		{30496699-1E13-4260-8865-9F41C8869146}.Debug|iPhoneSimulator.ActiveCfg = Debug|Any CPU
		{30496699-1E13-4260-8865-9F41C8869146}.Debug|iPhoneSimulator.Build.0 = Debug|Any CPU
		{30496699-1E13-4260-8865-9F41C8869146}.Release|Any CPU.ActiveCfg = Release|Any CPU
		{30496699-1E13-4260-8865-9F41C8869146}.Release|Any CPU.Build.0 = Release|Any CPU
		{30496699-1E13-4260-8865-9F41C8869146}.Release|iPhone.ActiveCfg = Release|Any CPU
		{30496699-1E13-4260-8865-9F41C8869146}.Release|iPhone.Build.0 = Release|Any CPU
		{30496699-1E13-4260-8865-9F41C8869146}.Release|iPhoneSimulator.ActiveCfg = Release|Any CPU
		{30496699-1E13-4260-8865-9F41C8869146}.Release|iPhoneSimulator.Build.0 = Release|Any CPU
	EndGlobalSection
	GlobalSection(SolutionProperties) = preSolution
		HideSolutionNode = FALSE
	EndGlobalSection
	GlobalSection(NestedProjects) = preSolution
		{90395135-528E-4F2D-93D1-D822B32B5F80} = {3C89ACB2-D917-48C0-84FD-974FC6E17A89}
		{094A4097-FEB7-4050-A98B-304AE005A19C} = {DB6A7130-8AA5-43FB-B65E-BAE1C5551C79}
		{2D15E44E-6788-4C9A-BD58-C97FCF5A30F7} = {094A4097-FEB7-4050-A98B-304AE005A19C}
		{F06E18C3-94D8-4388-8293-B7FD0F06038F} = {3C89ACB2-D917-48C0-84FD-974FC6E17A89}
		{CE3896DC-CC98-42BA-9BF7-4073DCC6A393} = {3C89ACB2-D917-48C0-84FD-974FC6E17A89}
		{8AD4D3FB-64BE-4003-8A72-FEA6289E1854} = {DCDE4977-7518-408B-8FE3-8760A488DA27}
		{B487623D-9C82-4846-80AB-5A75D2A8F8A5} = {DCDE4977-7518-408B-8FE3-8760A488DA27}
		{43B09B9A-43EE-486E-A79D-B0FB81DE4607} = {DCDE4977-7518-408B-8FE3-8760A488DA27}
		{43600005-B26E-4441-82AD-E3A43D7AD316} = {DCDE4977-7518-408B-8FE3-8760A488DA27}
		{45F199EA-C77B-48E3-8A5E-84B14F25BEA5} = {DB6A7130-8AA5-43FB-B65E-BAE1C5551C79}
		{BF216965-27C7-49EF-8DA7-F7AF6A2BF424} = {DCDE4977-7518-408B-8FE3-8760A488DA27}
		{6EAD4AD5-3606-42B0-A2DA-13848A0D4076} = {51CC9FC3-AA4D-4CA5-86AC-BDEBC49B7AC7}
		{111A5C53-2D7A-4B8E-824C-305DE10F413C} = {3C89ACB2-D917-48C0-84FD-974FC6E17A89}
		{69AFA086-8E70-4080-973A-D9B061E6C1F3} = {DCDE4977-7518-408B-8FE3-8760A488DA27}
		{12EE8D5F-5612-4F9D-AFA6-776B03E64E4F} = {DCDE4977-7518-408B-8FE3-8760A488DA27}
		{F4ED5346-1CC5-4606-90A4-C5D22EED4E54} = {3C89ACB2-D917-48C0-84FD-974FC6E17A89}
		{C8668815-F21E-49C0-8F1A-58BC698153AF} = {3C89ACB2-D917-48C0-84FD-974FC6E17A89}
		{30496699-1E13-4260-8865-9F41C8869146} = {CE64459B-312C-4189-9A0B-3BDF4384F5C4}
	EndGlobalSection
	GlobalSection(ExtensibilityGlobals) = postSolution
		SolutionGuid = {56FA5777-5A3B-4E2B-B0A5-8EA45A5251F6}
	EndGlobalSection
EndGlobal
