
Microsoft Visual Studio Solution File, Format Version 12.00
# Visual Studio 14
VisualStudioVersion = 14.0.25420.1
MinimumVisualStudioVersion = 10.0.40219.1
Project("{FAE04EC0-301F-11D3-BF4B-00C04F79EFBC}") = "MixItUp.WPF", "MixItUp.WPF\MixItUp.WPF.csproj", "{90395135-528E-4F2D-93D1-D822B32B5F80}"
EndProject
Project("{FAE04EC0-301F-11D3-BF4B-00C04F79EFBC}") = "MixItUp.Base", "MixItUp.Base\MixItUp.Base.csproj", "{9D877984-4F1F-457F-A2B6-E619D8F53A67}"
EndProject
Project("{2150E333-8FDC-42A3-9474-1A3956D46DE8}") = "Solution Items", "Solution Items", "{DB6A7130-8AA5-43FB-B65E-BAE1C5551C79}"
	ProjectSection(SolutionItems) = preProject
		LICENSE.txt = LICENSE.txt
		README.md = README.md
	EndProjectSection
EndProject
Project("{2150E333-8FDC-42A3-9474-1A3956D46DE8}") = "Wiki", "Wiki", "{094A4097-FEB7-4050-A98B-304AE005A19C}"
EndProject
Project("{2150E333-8FDC-42A3-9474-1A3956D46DE8}") = "Images", "Images", "{2D15E44E-6788-4C9A-BD58-C97FCF5A30F7}"
	ProjectSection(SolutionItems) = preProject
		Wiki\Images\Chat.png = Wiki\Images\Chat.png
		Wiki\Images\CreatingChatCommands.png = Wiki\Images\CreatingChatCommands.png
		Wiki\Images\CreatingCommands.png = Wiki\Images\CreatingCommands.png
		Wiki\Images\CreatingEventCommands.png = Wiki\Images\CreatingEventCommands.png
		Wiki\Images\CreatingInteractiveCommands1.png = Wiki\Images\CreatingInteractiveCommands1.png
		Wiki\Images\CreatingInteractiveCommands2.png = Wiki\Images\CreatingInteractiveCommands2.png
		Wiki\Images\CreatingTimerCommands.PNG = Wiki\Images\CreatingTimerCommands.PNG
		Wiki\Images\Currency.png = Wiki\Images\Currency.png
		Wiki\Images\CustomChatCommands.png = Wiki\Images\CustomChatCommands.png
		Wiki\Images\EventCommands.png = Wiki\Images\EventCommands.png
		Wiki\Images\Giveaway.png = Wiki\Images\Giveaway.png
		Wiki\Images\InteractiveCommands.png = Wiki\Images\InteractiveCommands.png
		Wiki\Images\Login.png = Wiki\Images\Login.png
		Wiki\Images\Moderation.png = Wiki\Images\Moderation.png
		Wiki\Images\OptionsMenu.png = Wiki\Images\OptionsMenu.png
		Wiki\Images\PreMadeChatCommands.png = Wiki\Images\PreMadeChatCommands.png
		Wiki\Images\Quotes.png = Wiki\Images\Quotes.png
		Wiki\Images\Services.png = Wiki\Images\Services.png
		Wiki\Images\TimerCommands.png = Wiki\Images\TimerCommands.png
		Wiki\Images\TopMenuClosed.png = Wiki\Images\TopMenuClosed.png
		Wiki\Images\TopMenuExpanded.png = Wiki\Images\TopMenuExpanded.png
		Wiki\Images\UserProfile.png = Wiki\Images\UserProfile.png
	EndProjectSection
EndProject
Global
	GlobalSection(SolutionConfigurationPlatforms) = preSolution
		Debug|Any CPU = Debug|Any CPU
		Release|Any CPU = Release|Any CPU
	EndGlobalSection
	GlobalSection(ProjectConfigurationPlatforms) = postSolution
		{90395135-528E-4F2D-93D1-D822B32B5F80}.Debug|Any CPU.ActiveCfg = Debug|Any CPU
		{90395135-528E-4F2D-93D1-D822B32B5F80}.Debug|Any CPU.Build.0 = Debug|Any CPU
		{90395135-528E-4F2D-93D1-D822B32B5F80}.Release|Any CPU.ActiveCfg = Release|Any CPU
		{90395135-528E-4F2D-93D1-D822B32B5F80}.Release|Any CPU.Build.0 = Release|Any CPU
		{9D877984-4F1F-457F-A2B6-E619D8F53A67}.Debug|Any CPU.ActiveCfg = Debug|Any CPU
		{9D877984-4F1F-457F-A2B6-E619D8F53A67}.Debug|Any CPU.Build.0 = Debug|Any CPU
		{9D877984-4F1F-457F-A2B6-E619D8F53A67}.Release|Any CPU.ActiveCfg = Release|Any CPU
		{9D877984-4F1F-457F-A2B6-E619D8F53A67}.Release|Any CPU.Build.0 = Release|Any CPU
	EndGlobalSection
	GlobalSection(SolutionProperties) = preSolution
		HideSolutionNode = FALSE
	EndGlobalSection
	GlobalSection(NestedProjects) = preSolution
		{094A4097-FEB7-4050-A98B-304AE005A19C} = {DB6A7130-8AA5-43FB-B65E-BAE1C5551C79}
		{2D15E44E-6788-4C9A-BD58-C97FCF5A30F7} = {094A4097-FEB7-4050-A98B-304AE005A19C}
	EndGlobalSection
EndGlobal
